
Microsoft Visual Studio Solution File, Format Version 12.00
# Visual Studio Version 16
VisualStudioVersion = 16.0.30204.135
MinimumVisualStudioVersion = 10.0.40219.1
Project("{8BC9CEB8-8B4A-11D0-8D11-00A0C91BC942}") = "TestQT", "TestQT\TestQT.vcxproj", "{62391B78-B9D7-464D-AF54-A1812775F654}"
EndProject
Project("{2150E333-8FDC-42A3-9474-1A3956D46DE8}") = "Exercise", "Exercise", "{0CE175EF-92F9-40A4-95E1-5754C5C0F8B8}"
EndProject
Project("{8BC9CEB8-8B4A-11D0-8D11-00A0C91BC942}") = "Exercise3", "Exercise3\Exercise3.vcxproj", "{8C9AAFC2-5CC4-461E-9629-E01D78DC5896}"
EndProject
Project("{8BC9CEB8-8B4A-11D0-8D11-00A0C91BC942}") = "Exercise6", "Exercise6\Exercise6.vcxproj", "{EFC74E6A-3FEB-4AD2-9CC7-616EB514C6E7}"
EndProject
Project("{8BC9CEB8-8B4A-11D0-8D11-00A0C91BC942}") = "Exercise7", "Exercise7\Exercise7.vcxproj", "{A85C410D-9BBE-43BD-A69F-FE3759469742}"
EndProject
Project("{8BC9CEB8-8B4A-11D0-8D11-00A0C91BC942}") = "TestQtExercise7", "TestQtExercise7\TestQtExercise7.vcxproj", "{5D86830B-D3B9-492B-AA33-6D0ABFF455E9}"
EndProject
Global
	GlobalSection(SolutionConfigurationPlatforms) = preSolution
		Debug|x64 = Debug|x64
		Release|x64 = Release|x64
	EndGlobalSection
	GlobalSection(ProjectConfigurationPlatforms) = postSolution
		{62391B78-B9D7-464D-AF54-A1812775F654}.Debug|x64.ActiveCfg = Debug|x64
		{62391B78-B9D7-464D-AF54-A1812775F654}.Debug|x64.Build.0 = Debug|x64
		{62391B78-B9D7-464D-AF54-A1812775F654}.Release|x64.ActiveCfg = Release|x64
		{62391B78-B9D7-464D-AF54-A1812775F654}.Release|x64.Build.0 = Release|x64
		{8C9AAFC2-5CC4-461E-9629-E01D78DC5896}.Debug|x64.ActiveCfg = Debug|x64
		{8C9AAFC2-5CC4-461E-9629-E01D78DC5896}.Debug|x64.Build.0 = Debug|x64
		{8C9AAFC2-5CC4-461E-9629-E01D78DC5896}.Release|x64.ActiveCfg = Release|x64
		{8C9AAFC2-5CC4-461E-9629-E01D78DC5896}.Release|x64.Build.0 = Release|x64
		{EFC74E6A-3FEB-4AD2-9CC7-616EB514C6E7}.Debug|x64.ActiveCfg = Debug|x64
		{EFC74E6A-3FEB-4AD2-9CC7-616EB514C6E7}.Debug|x64.Build.0 = Debug|x64
		{EFC74E6A-3FEB-4AD2-9CC7-616EB514C6E7}.Release|x64.ActiveCfg = Release|x64
		{EFC74E6A-3FEB-4AD2-9CC7-616EB514C6E7}.Release|x64.Build.0 = Release|x64
		{A85C410D-9BBE-43BD-A69F-FE3759469742}.Debug|x64.ActiveCfg = Debug|x64
		{A85C410D-9BBE-43BD-A69F-FE3759469742}.Debug|x64.Build.0 = Debug|x64
		{A85C410D-9BBE-43BD-A69F-FE3759469742}.Release|x64.ActiveCfg = Release|x64
		{A85C410D-9BBE-43BD-A69F-FE3759469742}.Release|x64.Build.0 = Release|x64
		{5D86830B-D3B9-492B-AA33-6D0ABFF455E9}.Debug|x64.ActiveCfg = Debug|x64
		{5D86830B-D3B9-492B-AA33-6D0ABFF455E9}.Debug|x64.Build.0 = Debug|x64
		{5D86830B-D3B9-492B-AA33-6D0ABFF455E9}.Release|x64.ActiveCfg = Release|x64
		{5D86830B-D3B9-492B-AA33-6D0ABFF455E9}.Release|x64.Build.0 = Release|x64
	EndGlobalSection
	GlobalSection(SolutionProperties) = preSolution
		HideSolutionNode = FALSE
	EndGlobalSection
	GlobalSection(NestedProjects) = preSolution
		{8C9AAFC2-5CC4-461E-9629-E01D78DC5896} = {0CE175EF-92F9-40A4-95E1-5754C5C0F8B8}
		{EFC74E6A-3FEB-4AD2-9CC7-616EB514C6E7} = {0CE175EF-92F9-40A4-95E1-5754C5C0F8B8}
		{A85C410D-9BBE-43BD-A69F-FE3759469742} = {0CE175EF-92F9-40A4-95E1-5754C5C0F8B8}
		{5D86830B-D3B9-492B-AA33-6D0ABFF455E9} = {0CE175EF-92F9-40A4-95E1-5754C5C0F8B8}
	EndGlobalSection
	GlobalSection(ExtensibilityGlobals) = postSolution
		SolutionGuid = {14D92A6E-DD2D-4A14-ADED-AA1B0877023D}
	EndGlobalSection
EndGlobal
